
Microsoft Visual Studio Solution File, Format Version 12.00
# Visual Studio Version 17
VisualStudioVersion = 17.3.32819.101
MinimumVisualStudioVersion = 10.0.40219.1
Project("{9A19103F-16F7-4668-BE54-9A1E7A4F7556}") = "WPF-Classes", "WPF-Classes\WPF-Classes.csproj", "{D164120C-86DC-455D-8453-5489AEA94469}"
EndProject
Project("{9A19103F-16F7-4668-BE54-9A1E7A4F7556}") = "WPF-ContactList", "WPF-ContactList\WPF-ContactList.csproj", "{AD4E6FC6-99B0-43B5-8B2E-DAF891DC4E41}"
EndProject
Project("{9A19103F-16F7-4668-BE54-9A1E7A4F7556}") = "WPF-VowelsAndConsonants", "WPF-VowelsAndConsonants\WPF-VowelsAndConsonants.csproj", "{D627F8FC-63FB-4834-AA9D-10BC8BD14838}"
EndProject
Project("{9A19103F-16F7-4668-BE54-9A1E7A4F7556}") = "JSON-FromAFile", "JSON-FromAFile\JSON-FromAFile.csproj", "{C6621D6E-4B1C-4A3C-9CA2-1C842FB6FF1A}"
EndProject
Project("{FAE04EC0-301F-11D3-BF4B-00C04F79EFBC}") = "JSON-Serialization", "JSON-Serialization\JSON-Serialization.csproj", "{30A6436E-71C1-44EB-AB07-83C8AF0CD207}"
EndProject
Global
	GlobalSection(SolutionConfigurationPlatforms) = preSolution
		Debug|Any CPU = Debug|Any CPU
		Release|Any CPU = Release|Any CPU
	EndGlobalSection
	GlobalSection(ProjectConfigurationPlatforms) = postSolution
		{D164120C-86DC-455D-8453-5489AEA94469}.Debug|Any CPU.ActiveCfg = Debug|Any CPU
		{D164120C-86DC-455D-8453-5489AEA94469}.Debug|Any CPU.Build.0 = Debug|Any CPU
		{D164120C-86DC-455D-8453-5489AEA94469}.Release|Any CPU.ActiveCfg = Release|Any CPU
		{D164120C-86DC-455D-8453-5489AEA94469}.Release|Any CPU.Build.0 = Release|Any CPU
		{AD4E6FC6-99B0-43B5-8B2E-DAF891DC4E41}.Debug|Any CPU.ActiveCfg = Debug|Any CPU
		{AD4E6FC6-99B0-43B5-8B2E-DAF891DC4E41}.Debug|Any CPU.Build.0 = Debug|Any CPU
		{AD4E6FC6-99B0-43B5-8B2E-DAF891DC4E41}.Release|Any CPU.ActiveCfg = Release|Any CPU
		{AD4E6FC6-99B0-43B5-8B2E-DAF891DC4E41}.Release|Any CPU.Build.0 = Release|Any CPU
		{D627F8FC-63FB-4834-AA9D-10BC8BD14838}.Debug|Any CPU.ActiveCfg = Debug|Any CPU
		{D627F8FC-63FB-4834-AA9D-10BC8BD14838}.Debug|Any CPU.Build.0 = Debug|Any CPU
		{D627F8FC-63FB-4834-AA9D-10BC8BD14838}.Release|Any CPU.ActiveCfg = Release|Any CPU
		{D627F8FC-63FB-4834-AA9D-10BC8BD14838}.Release|Any CPU.Build.0 = Release|Any CPU
		{C6621D6E-4B1C-4A3C-9CA2-1C842FB6FF1A}.Debug|Any CPU.ActiveCfg = Debug|Any CPU
		{C6621D6E-4B1C-4A3C-9CA2-1C842FB6FF1A}.Debug|Any CPU.Build.0 = Debug|Any CPU
		{C6621D6E-4B1C-4A3C-9CA2-1C842FB6FF1A}.Release|Any CPU.ActiveCfg = Release|Any CPU
		{C6621D6E-4B1C-4A3C-9CA2-1C842FB6FF1A}.Release|Any CPU.Build.0 = Release|Any CPU
		{30A6436E-71C1-44EB-AB07-83C8AF0CD207}.Debug|Any CPU.ActiveCfg = Debug|Any CPU
		{30A6436E-71C1-44EB-AB07-83C8AF0CD207}.Debug|Any CPU.Build.0 = Debug|Any CPU
		{30A6436E-71C1-44EB-AB07-83C8AF0CD207}.Release|Any CPU.ActiveCfg = Release|Any CPU
		{30A6436E-71C1-44EB-AB07-83C8AF0CD207}.Release|Any CPU.Build.0 = Release|Any CPU
	EndGlobalSection
	GlobalSection(SolutionProperties) = preSolution
		HideSolutionNode = FALSE
	EndGlobalSection
	GlobalSection(ExtensibilityGlobals) = postSolution
		SolutionGuid = {DF5450C7-CBC8-4DF5-8E2F-0453C5F56C1A}
	EndGlobalSection
EndGlobal
