
Microsoft Visual Studio Solution File, Format Version 12.00
# Visual Studio Version 17
VisualStudioVersion = 17.3.32819.101
MinimumVisualStudioVersion = 10.0.40219.1
Project("{9A19103F-16F7-4668-BE54-9A1E7A4F7556}") = "MyFirstWPF", "MyFirstWPF\MyFirstWPF.csproj", "{1E80D03A-316F-4EE7-BF71-88C3E2C5E3FA}"
EndProject
Project("{9A19103F-16F7-4668-BE54-9A1E7A4F7556}") = "JSON_1", "JSON_1\JSON_1.csproj", "{D0CE6E99-C5D6-4F18-8ACA-4499EA6963BB}"
EndProject
Project("{9A19103F-16F7-4668-BE54-9A1E7A4F7556}") = "JSON_From_Web", "JSON_From_Web\JSON_From_Web.csproj", "{ECABD237-02D6-4BA7-93CA-FD213ADEF8EE}"
EndProject
Project("{FAE04EC0-301F-11D3-BF4B-00C04F79EFBC}") = "Database_Example", "Database_Example\Database_Example.csproj", "{BC8A9E4C-8EE6-4674-AF3A-08F944FE6F07}"
EndProject
Global
	GlobalSection(SolutionConfigurationPlatforms) = preSolution
		Debug|Any CPU = Debug|Any CPU
		Release|Any CPU = Release|Any CPU
	EndGlobalSection
	GlobalSection(ProjectConfigurationPlatforms) = postSolution
		{1E80D03A-316F-4EE7-BF71-88C3E2C5E3FA}.Debug|Any CPU.ActiveCfg = Debug|Any CPU
		{1E80D03A-316F-4EE7-BF71-88C3E2C5E3FA}.Debug|Any CPU.Build.0 = Debug|Any CPU
		{1E80D03A-316F-4EE7-BF71-88C3E2C5E3FA}.Release|Any CPU.ActiveCfg = Release|Any CPU
		{1E80D03A-316F-4EE7-BF71-88C3E2C5E3FA}.Release|Any CPU.Build.0 = Release|Any CPU
		{D0CE6E99-C5D6-4F18-8ACA-4499EA6963BB}.Debug|Any CPU.ActiveCfg = Debug|Any CPU
		{D0CE6E99-C5D6-4F18-8ACA-4499EA6963BB}.Debug|Any CPU.Build.0 = Debug|Any CPU
		{D0CE6E99-C5D6-4F18-8ACA-4499EA6963BB}.Release|Any CPU.ActiveCfg = Release|Any CPU
		{D0CE6E99-C5D6-4F18-8ACA-4499EA6963BB}.Release|Any CPU.Build.0 = Release|Any CPU
		{ECABD237-02D6-4BA7-93CA-FD213ADEF8EE}.Debug|Any CPU.ActiveCfg = Debug|Any CPU
		{ECABD237-02D6-4BA7-93CA-FD213ADEF8EE}.Debug|Any CPU.Build.0 = Debug|Any CPU
		{ECABD237-02D6-4BA7-93CA-FD213ADEF8EE}.Release|Any CPU.ActiveCfg = Release|Any CPU
		{ECABD237-02D6-4BA7-93CA-FD213ADEF8EE}.Release|Any CPU.Build.0 = Release|Any CPU
		{BC8A9E4C-8EE6-4674-AF3A-08F944FE6F07}.Debug|Any CPU.ActiveCfg = Debug|Any CPU
		{BC8A9E4C-8EE6-4674-AF3A-08F944FE6F07}.Debug|Any CPU.Build.0 = Debug|Any CPU
		{BC8A9E4C-8EE6-4674-AF3A-08F944FE6F07}.Release|Any CPU.ActiveCfg = Release|Any CPU
		{BC8A9E4C-8EE6-4674-AF3A-08F944FE6F07}.Release|Any CPU.Build.0 = Release|Any CPU
	EndGlobalSection
	GlobalSection(SolutionProperties) = preSolution
		HideSolutionNode = FALSE
	EndGlobalSection
	GlobalSection(ExtensibilityGlobals) = postSolution
		SolutionGuid = {327E40E9-CB0C-48CB-AD08-4926FDD631B3}
	EndGlobalSection
EndGlobal
